{
	"name": "textile",
	"version": "0.2.3",
	"lockfileVersion": 2,
	"requires": true,
	"packages": {
		"": {
			"name": "textile",
			"version": "0.2.3",
			"devDependencies": {
				"@figma/plugin-typings": "^1.76.0",
				"typescript": "*"
			}
		},
		"node_modules/@figma/plugin-typings": {
			"version": "1.76.0",
			"resolved": "https://registry.npmjs.org/@figma/plugin-typings/-/plugin-typings-1.76.0.tgz",
			"integrity": "sha512-fGYPJJx9dIYf0X/ZaUjrNjhpmkv7XJzMj0C2GZjSje1wYfGWvddM07mXiS9NRQ+Ikrq0qim1bf6WZZmgL83ZEA==",
			"dev": true
		},
		"node_modules/typescript": {
			"version": "5.1.3",
			"resolved": "https://registry.npmjs.org/typescript/-/typescript-5.1.3.tgz",
			"integrity": "sha512-XH627E9vkeqhlZFQuL+UsyAXEnibT0kWR2FWONlr4sTjvxyJYnyefgrkyECLzM5NenmKzRAy2rR/OlYLA1HkZw==",
			"dev": true,
			"bin": {
				"tsc": "bin/tsc",
				"tsserver": "bin/tsserver"
			},
			"engines": {
				"node": ">=14.17"
			}
		}
	},
	"dependencies": {
		"@figma/plugin-typings": {
			"version": "1.76.0",
			"resolved": "https://registry.npmjs.org/@figma/plugin-typings/-/plugin-typings-1.76.0.tgz",
			"integrity": "sha512-fGYPJJx9dIYf0X/ZaUjrNjhpmkv7XJzMj0C2GZjSje1wYfGWvddM07mXiS9NRQ+Ikrq0qim1bf6WZZmgL83ZEA==",
			"dev": true
		},
		"typescript": {
			"version": "5.1.3",
			"resolved": "https://registry.npmjs.org/typescript/-/typescript-5.1.3.tgz",
			"integrity": "sha512-XH627E9vkeqhlZFQuL+UsyAXEnibT0kWR2FWONlr4sTjvxyJYnyefgrkyECLzM5NenmKzRAy2rR/OlYLA1HkZw==",
			"dev": true
		}
	}
}
